<?xml version="1.0" encoding="UTF-8"?>
<Project ToolsVersion="12.0" xmlns="http://schemas.microsoft.com/developer/msbuild/2003">
  <ItemGroup>
    <ClCompile Include="C:\git_repos\sqlitebrowser\libs\qhexedit\src\qhexedit.cpp">
      <Filter>Source Files</Filter>
    </ClCompile>
    <ClCompile Include="C:\git_repos\sqlitebrowser\libs\qhexedit\src\chunks.cpp">
      <Filter>Source Files</Filter>
    </ClCompile>
    <ClCompile Include="C:\git_repos\sqlitebrowser\libs\qhexedit\src\commands.cpp">
      <Filter>Source Files</Filter>
    </ClCompile>
    <ClCompile Include="C:\git_repos\sqlitebrowser\libs\qhexedit\qhexedit_autogen\moc_compilation.cpp">
      <Filter>Source Files</Filter>
    </ClCompile>
  </ItemGroup>
  <ItemGroup>
    <ClInclude Include="C:\git_repos\sqlitebrowser\libs\qhexedit\src\chunks.h">
      <Filter>Header Files</Filter>
    </ClInclude>
    <ClInclude Include="C:\git_repos\sqlitebrowser\libs\qhexedit\src\commands.h">
      <Filter>Header Files</Filter>
    </ClInclude>
  </ItemGroup>
  <ItemGroup>
    <CustomBuild Include="C:\git_repos\sqlitebrowser\libs\qhexedit\CMakeLists.txt" />
  </ItemGroup>
  <ItemGroup>
    <Filter Include="Source Files">
      <UniqueIdentifier>{A7B31E73-670D-3E72-B8E6-CF9CF83862C8}</UniqueIdentifier>
    </Filter>
    <Filter Include="Header Files">
      <UniqueIdentifier>{61A1E72B-C91D-30D7-9002-4A77CFC7EF58}</UniqueIdentifier>
    </Filter>
  </ItemGroup>
</Project>
